
Microsoft Visual Studio Solution File, Format Version 12.00
# Visual Studio Version 17
VisualStudioVersion = 17.6.33829.357
MinimumVisualStudioVersion = 10.0.40219.1
Project("{9A19103F-16F7-4668-BE54-9A1E7A4F7556}") = "NativeMediaMauiLib", "src\NativeMediaMauiLib.csproj", "{1959B8CA-26D8-4511-BC4C-CE0FCCB3D80D}"
EndProject
Global
	GlobalSection(SolutionConfigurationPlatforms) = preSolution
		Debug|Any CPU = Debug|Any CPU
		Release|Any CPU = Release|Any CPU
	EndGlobalSection
	GlobalSection(ProjectConfigurationPlatforms) = postSolution
		{1959B8CA-26D8-4511-BC4C-CE0FCCB3D80D}.Debug|Any CPU.ActiveCfg = Debug|Any CPU
		{1959B8CA-26D8-4511-BC4C-CE0FCCB3D80D}.Debug|Any CPU.Build.0 = Debug|Any CPU
		{1959B8CA-26D8-4511-BC4C-CE0FCCB3D80D}.Release|Any CPU.ActiveCfg = Release|Any CPU
		{1959B8CA-26D8-4511-BC4C-CE0FCCB3D80D}.Release|Any CPU.Build.0 = Release|Any CPU
	EndGlobalSection
	GlobalSection(SolutionProperties) = preSolution
		HideSolutionNode = FALSE
	EndGlobalSection
	GlobalSection(ExtensibilityGlobals) = postSolution
		SolutionGuid = {20ABE1D4-0A67-4377-9857-1FF7E55087A9}
	EndGlobalSection
EndGlobal
